
Microsoft Visual Studio Solution File, Format Version 12.00
# Visual Studio Version 17
VisualStudioVersion = 17.9.34728.123
MinimumVisualStudioVersion = 10.0.40219.1
Project("{FAE04EC0-301F-11D3-BF4B-00C04F79EFBC}") = "GitHubApiConnector.Api", "GitHubApiConnector\GitHubApiConnector.Api.csproj", "{D227BE43-051F-4A44-AE53-9F18B99B09FE}"
EndProject
Project("{2150E333-8FDC-42A3-9474-1A3956D46DE8}") = "src", "src", "{9ACC4DA1-D1F6-4864-BFBF-6B9EC9C9422F}"
EndProject
Global
	GlobalSection(SolutionConfigurationPlatforms) = preSolution
		Debug|Any CPU = Debug|Any CPU
		Release|Any CPU = Release|Any CPU
	EndGlobalSection
	GlobalSection(ProjectConfigurationPlatforms) = postSolution
		{D227BE43-051F-4A44-AE53-9F18B99B09FE}.Debug|Any CPU.ActiveCfg = Debug|Any CPU
		{D227BE43-051F-4A44-AE53-9F18B99B09FE}.Debug|Any CPU.Build.0 = Debug|Any CPU
		{D227BE43-051F-4A44-AE53-9F18B99B09FE}.Release|Any CPU.ActiveCfg = Release|Any CPU
		{D227BE43-051F-4A44-AE53-9F18B99B09FE}.Release|Any CPU.Build.0 = Release|Any CPU
	EndGlobalSection
	GlobalSection(SolutionProperties) = preSolution
		HideSolutionNode = FALSE
	EndGlobalSection
	GlobalSection(NestedProjects) = preSolution
		{D227BE43-051F-4A44-AE53-9F18B99B09FE} = {9ACC4DA1-D1F6-4864-BFBF-6B9EC9C9422F}
	EndGlobalSection
	GlobalSection(ExtensibilityGlobals) = postSolution
		SolutionGuid = {18AEA1FB-B6A1-4E6F-9ADE-4BB790F82BAC}
	EndGlobalSection
EndGlobal
